
Microsoft Visual Studio Solution File, Format Version 12.00
# Visual Studio Version 17
VisualStudioVersion = 17.10.35004.147
MinimumVisualStudioVersion = 10.0.40219.1
Project("{9A19103F-16F7-4668-BE54-9A1E7A4F7556}") = "CleanArchitecture_Infrastructure", "CleanArchitecture_Infrastructure\CleanArchitecture_Infrastructure.csproj", "{F37E8896-27EA-4CBA-9810-598BA972BA53}"
EndProject
Project("{FAE04EC0-301F-11D3-BF4B-00C04F79EFBC}") = "Application_Domain", "Application_Domain\Application_Domain.csproj", "{C2636E27-DF0B-4961-97BA-9BD923C9D87E}"
EndProject
Project("{FAE04EC0-301F-11D3-BF4B-00C04F79EFBC}") = "Application_AppliacationLayer", "Application_AppliacationLayer\Application_AppliacationLayer.csproj", "{B96D5523-0FB5-4167-9C3F-A92B969AB82E}"
EndProject
Project("{FAE04EC0-301F-11D3-BF4B-00C04F79EFBC}") = "CleanArchitectureAPI", "CleanArchitectureAPI\CleanArchitectureAPI.csproj", "{781F5ED9-1268-45FC-BF79-84DE93DE2E3D}"
EndProject
Global
	GlobalSection(SolutionConfigurationPlatforms) = preSolution
		Debug|Any CPU = Debug|Any CPU
		Release|Any CPU = Release|Any CPU
	EndGlobalSection
	GlobalSection(ProjectConfigurationPlatforms) = postSolution
		{F37E8896-27EA-4CBA-9810-598BA972BA53}.Debug|Any CPU.ActiveCfg = Debug|Any CPU
		{F37E8896-27EA-4CBA-9810-598BA972BA53}.Debug|Any CPU.Build.0 = Debug|Any CPU
		{F37E8896-27EA-4CBA-9810-598BA972BA53}.Release|Any CPU.ActiveCfg = Release|Any CPU
		{F37E8896-27EA-4CBA-9810-598BA972BA53}.Release|Any CPU.Build.0 = Release|Any CPU
		{C2636E27-DF0B-4961-97BA-9BD923C9D87E}.Debug|Any CPU.ActiveCfg = Debug|Any CPU
		{C2636E27-DF0B-4961-97BA-9BD923C9D87E}.Debug|Any CPU.Build.0 = Debug|Any CPU
		{C2636E27-DF0B-4961-97BA-9BD923C9D87E}.Release|Any CPU.ActiveCfg = Release|Any CPU
		{C2636E27-DF0B-4961-97BA-9BD923C9D87E}.Release|Any CPU.Build.0 = Release|Any CPU
		{B96D5523-0FB5-4167-9C3F-A92B969AB82E}.Debug|Any CPU.ActiveCfg = Debug|Any CPU
		{B96D5523-0FB5-4167-9C3F-A92B969AB82E}.Debug|Any CPU.Build.0 = Debug|Any CPU
		{B96D5523-0FB5-4167-9C3F-A92B969AB82E}.Release|Any CPU.ActiveCfg = Release|Any CPU
		{B96D5523-0FB5-4167-9C3F-A92B969AB82E}.Release|Any CPU.Build.0 = Release|Any CPU
		{781F5ED9-1268-45FC-BF79-84DE93DE2E3D}.Debug|Any CPU.ActiveCfg = Debug|Any CPU
		{781F5ED9-1268-45FC-BF79-84DE93DE2E3D}.Debug|Any CPU.Build.0 = Debug|Any CPU
		{781F5ED9-1268-45FC-BF79-84DE93DE2E3D}.Release|Any CPU.ActiveCfg = Release|Any CPU
		{781F5ED9-1268-45FC-BF79-84DE93DE2E3D}.Release|Any CPU.Build.0 = Release|Any CPU
	EndGlobalSection
	GlobalSection(SolutionProperties) = preSolution
		HideSolutionNode = FALSE
	EndGlobalSection
	GlobalSection(ExtensibilityGlobals) = postSolution
		SolutionGuid = {688F5787-E3C4-4F68-8F16-0F54DAF344E7}
	EndGlobalSection
EndGlobal
